
Microsoft Visual Studio Solution File, Format Version 12.00
# Visual Studio Version 16
VisualStudioVersion = 25.0.1700.0
MinimumVisualStudioVersion = 10.0.40219.1
Project("{FAE04EC0-301F-11D3-BF4B-00C04F79EFBC}") = "TeamsStatus.NET", "TeamsStatus.NET\TeamsStatus.NET.csproj", "{94A7AF80-3907-41A4-AB29-94D3204CF747}"
EndProject
Global
	GlobalSection(SolutionConfigurationPlatforms) = preSolution
		Debug|Any CPU = Debug|Any CPU
		Release|Any CPU = Release|Any CPU
	EndGlobalSection
	GlobalSection(ProjectConfigurationPlatforms) = postSolution
		{94A7AF80-3907-41A4-AB29-94D3204CF747}.Debug|Any CPU.ActiveCfg = Debug|Any CPU
		{94A7AF80-3907-41A4-AB29-94D3204CF747}.Debug|Any CPU.Build.0 = Debug|Any CPU
		{94A7AF80-3907-41A4-AB29-94D3204CF747}.Release|Any CPU.ActiveCfg = Release|Any CPU
		{94A7AF80-3907-41A4-AB29-94D3204CF747}.Release|Any CPU.Build.0 = Release|Any CPU
	EndGlobalSection
	GlobalSection(SolutionProperties) = preSolution
		HideSolutionNode = FALSE
	EndGlobalSection
	GlobalSection(ExtensibilityGlobals) = postSolution
		SolutionGuid = {8D31611D-FB20-4882-AC63-81ED76D72342}
	EndGlobalSection
EndGlobal
